
Microsoft Visual Studio Solution File, Format Version 12.00
# Visual Studio Version 17
VisualStudioVersion = 17.9.34714.143
MinimumVisualStudioVersion = 10.0.40219.1
Project("{9A19103F-16F7-4668-BE54-9A1E7A4F7556}") = "WebRegistry", "WebRegistry.csproj", "{D21DD904-B29A-4F38-B197-32A984723CE8}"
EndProject
Global
	GlobalSection(SolutionConfigurationPlatforms) = preSolution
		Debug|Any CPU = Debug|Any CPU
		Release|Any CPU = Release|Any CPU
	EndGlobalSection
	GlobalSection(ProjectConfigurationPlatforms) = postSolution
		{D21DD904-B29A-4F38-B197-32A984723CE8}.Debug|Any CPU.ActiveCfg = Debug|Any CPU
		{D21DD904-B29A-4F38-B197-32A984723CE8}.Debug|Any CPU.Build.0 = Debug|Any CPU
		{D21DD904-B29A-4F38-B197-32A984723CE8}.Release|Any CPU.ActiveCfg = Release|Any CPU
		{D21DD904-B29A-4F38-B197-32A984723CE8}.Release|Any CPU.Build.0 = Release|Any CPU
	EndGlobalSection
	GlobalSection(SolutionProperties) = preSolution
		HideSolutionNode = FALSE
	EndGlobalSection
	GlobalSection(ExtensibilityGlobals) = postSolution
		SolutionGuid = {DC977822-B736-40F4-A46A-1E8EACC7FD03}
	EndGlobalSection
EndGlobal
